<?xml version="1.0" encoding="utf-8"?>
<Project ToolsVersion="4.0" xmlns="http://schemas.microsoft.com/developer/msbuild/2003">
  <ItemGroup>
    <Filter Include="Source Files">
      <UniqueIdentifier>{4FC737F1-C7A5-4376-A066-2A32D752A2FF}</UniqueIdentifier>
      <Extensions>cpp;c;cc;cxx;def;odl;idl;hpj;bat;asm;asmx</Extensions>
    </Filter>
    <Filter Include="Header Files">
      <UniqueIdentifier>{93995380-89BD-4b04-88EB-625FBE52EBFB}</UniqueIdentifier>
      <Extensions>h;hh;hpp;hxx;hm;inl;inc;xsd</Extensions>
    </Filter>
    <Filter Include="Resource Files">
      <UniqueIdentifier>{67DA6AB6-F800-4c08-8B7A-83BB121AAD01}</UniqueIdentifier>
      <Extensions>rc;ico;cur;bmp;dlg;rc2;rct;bin;rgs;gif;jpg;jpeg;jpe;resx;tiff;tif;png;wav;mfcribbon-ms</Extensions>
    </Filter>
    <Filter Include="Header Files\midifile">
      <UniqueIdentifier>{7e982e2d-3aac-4968-9c2b-10492d728d5a}</UniqueIdentifier>
    </Filter>
    <Filter Include="Source Files\midifile">
      <UniqueIdentifier>{3a95f558-4209-491b-a603-56da053aff26}</UniqueIdentifier>
    </Filter>
    <Filter Include="Header Files\Generators">
      <UniqueIdentifier>{226a89c3-64f0-4b1a-b04d-8793b332f133}</UniqueIdentifier>
    </Filter>
    <Filter Include="Source Files\Generators">
      <UniqueIdentifier>{5b08b15f-5dff-48ff-a250-0f25bf22c16c}</UniqueIdentifier>
    </Filter>
    <Filter Include="Header Files\rtmidi">
      <UniqueIdentifier>{be20c704-dfc0-427b-a204-9690c5fc512d}</UniqueIdentifier>
    </Filter>
    <Filter Include="Source Files\rtmidi">
      <UniqueIdentifier>{f3f9fd14-d9fd-4cee-bffc-2b10bacaa230}</UniqueIdentifier>
    </Filter>
    <Filter Include="Source Files\GLibrary">
      <UniqueIdentifier>{6bc2cbcb-2f43-4776-a62a-c09bafc21bb3}</UniqueIdentifier>
    </Filter>
    <Filter Include="Header Files\GLibrary">
      <UniqueIdentifier>{9cb0a150-a7a7-4fac-8e56-232c54cf906b}</UniqueIdentifier>
    </Filter>
    <Filter Include="Source Files\pugixml">
      <UniqueIdentifier>{3367fad7-c98b-47f9-a2c2-26098b778144}</UniqueIdentifier>
    </Filter>
    <Filter Include="Header Files\pugixml">
      <UniqueIdentifier>{8b90587b-cb62-488e-8564-ceeb0cf9e67c}</UniqueIdentifier>
    </Filter>
  </ItemGroup>
  <ItemGroup>
    <Text Include="ReadMe.txt" />
  </ItemGroup>
  <ItemGroup>
    <ClInclude Include="MGen.h">
      <Filter>Header Files</Filter>
    </ClInclude>
    <ClInclude Include="stdafx.h">
      <Filter>Header Files</Filter>
    </ClInclude>
    <ClInclude Include="targetver.h">
      <Filter>Header Files</Filter>
    </ClInclude>
    <ClInclude Include="MainFrm.h">
      <Filter>Header Files</Filter>
    </ClInclude>
    <ClInclude Include="MGenDoc.h">
      <Filter>Header Files</Filter>
    </ClInclude>
    <ClInclude Include="MGenView.h">
      <Filter>Header Files</Filter>
    </ClInclude>
    <ClInclude Include="Resource.h">
      <Filter>Header Files</Filter>
    </ClInclude>
    <ClInclude Include="OutputWnd.h">
      <Filter>Header Files</Filter>
    </ClInclude>
    <ClInclude Include="InfoDlg.h">
      <Filter>Header Files</Filter>
    </ClInclude>
    <ClInclude Include="InfoEditCtrl.h">
      <Filter>Header Files</Filter>
    </ClInclude>
    <ClInclude Include="EditParamsDlg.h">
      <Filter>Header Files</Filter>
    </ClInclude>
    <ClInclude Include="AlgoDlg.h">
      <Filter>Header Files</Filter>
    </ClInclude>
    <ClInclude Include="TreeColorCtrl.h">
      <Filter>Header Files</Filter>
    </ClInclude>
    <ClInclude Include="midifile\MidiEvent.h">
      <Filter>Header Files\midifile</Filter>
    </ClInclude>
    <ClInclude Include="midifile\MidiEventList.h">
      <Filter>Header Files\midifile</Filter>
    </ClInclude>
    <ClInclude Include="midifile\MidiFile.h">
      <Filter>Header Files\midifile</Filter>
    </ClInclude>
    <ClInclude Include="midifile\MidiMessage.h">
      <Filter>Header Files\midifile</Filter>
    </ClInclude>
    <ClInclude Include="midifile\Binasc.h">
      <Filter>Header Files\midifile</Filter>
    </ClInclude>
    <ClInclude Include="MsgDlg.h">
      <Filter>Header Files</Filter>
    </ClInclude>
    <ClInclude Include="MFIDialog.h">
      <Filter>Header Files</Filter>
    </ClInclude>
    <ClInclude Include="rtmidi\RtMidi.h">
      <Filter>Header Files\rtmidi</Filter>
    </ClInclude>
    <ClInclude Include="Generators\GenCA1.h">
      <Filter>Header Files\Generators</Filter>
    </ClInclude>
    <ClInclude Include="Generators\GenCF1.h">
      <Filter>Header Files\Generators</Filter>
    </ClInclude>
    <ClInclude Include="Generators\GenCF2.h">
      <Filter>Header Files\Generators</Filter>
    </ClInclude>
    <ClInclude Include="Generators\GenCP1.h">
      <Filter>Header Files\Generators</Filter>
    </ClInclude>
    <ClInclude Include="Generators\GenMP1.h">
      <Filter>Header Files\Generators</Filter>
    </ClInclude>
    <ClInclude Include="Generators\GenRS1.h">
      <Filter>Header Files\Generators</Filter>
    </ClInclude>
    <ClInclude Include="GLibrary\GAdapt.h">
      <Filter>Header Files\GLibrary</Filter>
    </ClInclude>
    <ClInclude Include="GLibrary\GLib.h">
      <Filter>Header Files\GLibrary</Filter>
    </ClInclude>
    <ClInclude Include="GLibrary\GVar.h">
      <Filter>Header Files\GLibrary</Filter>
    </ClInclude>
    <ClInclude Include="GLibrary\MidiOut.h">
      <Filter>Header Files\GLibrary</Filter>
    </ClInclude>
    <ClInclude Include="GLibrary\SmRnd.h">
      <Filter>Header Files\GLibrary</Filter>
    </ClInclude>
    <ClInclude Include="Generators\GenRL1.h">
      <Filter>Header Files\Generators</Filter>
    </ClInclude>
    <ClInclude Include="GLibrary\VSet.h">
      <Filter>Header Files\GLibrary</Filter>
    </ClInclude>
    <ClInclude Include="MyVisualManagerOffice2007.h">
      <Filter>Header Files</Filter>
    </ClInclude>
    <ClInclude Include="Generators\GenCA2.h">
      <Filter>Header Files\Generators</Filter>
    </ClInclude>
    <ClInclude Include="GLibrary\pvector.h">
      <Filter>Header Files\GLibrary</Filter>
    </ClInclude>
    <ClInclude Include="GLibrary\GIConf.h">
      <Filter>Header Files\GLibrary</Filter>
    </ClInclude>
    <ClInclude Include="GLibrary\GTemplate.h">
      <Filter>Header Files\GLibrary</Filter>
    </ClInclude>
    <ClInclude Include="GLibrary\Ly.h">
      <Filter>Header Files\GLibrary</Filter>
    </ClInclude>
    <ClInclude Include="GLibrary\MFIn.h">
      <Filter>Header Files\GLibrary</Filter>
    </ClInclude>
    <ClInclude Include="GLibrary\MFOut.h">
      <Filter>Header Files\GLibrary</Filter>
    </ClInclude>
    <ClInclude Include="GLibrary\MPort.h">
      <Filter>Header Files\GLibrary</Filter>
    </ClInclude>
    <ClInclude Include="GLibrary\CsvDb.h">
      <Filter>Header Files\GLibrary</Filter>
    </ClInclude>
    <ClInclude Include="GLibrary\Conf.h">
      <Filter>Header Files\GLibrary</Filter>
    </ClInclude>
    <ClInclude Include="GLibrary\SinRand.h">
      <Filter>Header Files\GLibrary</Filter>
    </ClInclude>
    <ClInclude Include="Generators\CF1D.h">
      <Filter>Header Files\Generators</Filter>
    </ClInclude>
    <ClInclude Include="Generators\CF1Ly.h">
      <Filter>Header Files\Generators</Filter>
    </ClInclude>
    <ClInclude Include="Generators\CF1R.h">
      <Filter>Header Files\Generators</Filter>
    </ClInclude>
    <ClInclude Include="Generators\CF1M.h">
      <Filter>Header Files\Generators</Filter>
    </ClInclude>
    <ClInclude Include="Generators\CP2D.h">
      <Filter>Header Files\Generators</Filter>
    </ClInclude>
    <ClInclude Include="Generators\CP2Ly.h">
      <Filter>Header Files\Generators</Filter>
    </ClInclude>
    <ClInclude Include="Generators\CP2R.h">
      <Filter>Header Files\Generators</Filter>
    </ClInclude>
    <ClInclude Include="Generators\GenCA3.h">
      <Filter>Header Files\Generators</Filter>
    </ClInclude>
    <ClInclude Include="Generators\GenCP2.h">
      <Filter>Header Files\Generators</Filter>
    </ClInclude>
    <ClInclude Include="GLibrary\XFIn.h">
      <Filter>Header Files\GLibrary</Filter>
    </ClInclude>
    <ClInclude Include="pugixml\pugiconfig.hpp">
      <Filter>Header Files\pugixml</Filter>
    </ClInclude>
    <ClInclude Include="pugixml\pugixml.hpp">
      <Filter>Header Files\pugixml</Filter>
    </ClInclude>
  </ItemGroup>
  <ItemGroup>
    <ClCompile Include="MGen.cpp">
      <Filter>Source Files</Filter>
    </ClCompile>
    <ClCompile Include="stdafx.cpp">
      <Filter>Source Files</Filter>
    </ClCompile>
    <ClCompile Include="MainFrm.cpp">
      <Filter>Source Files</Filter>
    </ClCompile>
    <ClCompile Include="MGenDoc.cpp">
      <Filter>Source Files</Filter>
    </ClCompile>
    <ClCompile Include="MGenView.cpp">
      <Filter>Source Files</Filter>
    </ClCompile>
    <ClCompile Include="OutputWnd.cpp">
      <Filter>Source Files</Filter>
    </ClCompile>
    <ClCompile Include="InfoDlg.cpp">
      <Filter>Source Files</Filter>
    </ClCompile>
    <ClCompile Include="InfoEditCtrl.cpp">
      <Filter>Source Files</Filter>
    </ClCompile>
    <ClCompile Include="EditParamsDlg.cpp">
      <Filter>Source Files</Filter>
    </ClCompile>
    <ClCompile Include="AlgoDlg.cpp">
      <Filter>Source Files</Filter>
    </ClCompile>
    <ClCompile Include="TreeColorCtrl.cpp">
      <Filter>Source Files</Filter>
    </ClCompile>
    <ClCompile Include="midifile\MidiEvent.cpp">
      <Filter>Source Files\midifile</Filter>
    </ClCompile>
    <ClCompile Include="midifile\MidiEventList.cpp">
      <Filter>Source Files\midifile</Filter>
    </ClCompile>
    <ClCompile Include="midifile\MidiFile.cpp">
      <Filter>Source Files\midifile</Filter>
    </ClCompile>
    <ClCompile Include="midifile\MidiMessage.cpp">
      <Filter>Source Files\midifile</Filter>
    </ClCompile>
    <ClCompile Include="midifile\Binasc.cpp">
      <Filter>Source Files\midifile</Filter>
    </ClCompile>
    <ClCompile Include="MsgDlg.cpp">
      <Filter>Source Files</Filter>
    </ClCompile>
    <ClCompile Include="MFIDialog.cpp">
      <Filter>Source Files</Filter>
    </ClCompile>
    <ClCompile Include="rtmidi\RtMidi.cpp">
      <Filter>Source Files\rtmidi</Filter>
    </ClCompile>
    <ClCompile Include="GLibrary\GAdapt.cpp">
      <Filter>Source Files\GLibrary</Filter>
    </ClCompile>
    <ClCompile Include="GLibrary\GLib.cpp">
      <Filter>Source Files\GLibrary</Filter>
    </ClCompile>
    <ClCompile Include="GLibrary\GVar.cpp">
      <Filter>Source Files\GLibrary</Filter>
    </ClCompile>
    <ClCompile Include="GLibrary\MidiOut.cpp">
      <Filter>Source Files\GLibrary</Filter>
    </ClCompile>
    <ClCompile Include="GLibrary\SmRnd.cpp">
      <Filter>Source Files\GLibrary</Filter>
    </ClCompile>
    <ClCompile Include="Generators\GenCA1.cpp">
      <Filter>Source Files\Generators</Filter>
    </ClCompile>
    <ClCompile Include="Generators\GenCF1.cpp">
      <Filter>Source Files\Generators</Filter>
    </ClCompile>
    <ClCompile Include="Generators\GenCF2.cpp">
      <Filter>Source Files\Generators</Filter>
    </ClCompile>
    <ClCompile Include="Generators\GenCP1.cpp">
      <Filter>Source Files\Generators</Filter>
    </ClCompile>
    <ClCompile Include="Generators\GenMP1.cpp">
      <Filter>Source Files\Generators</Filter>
    </ClCompile>
    <ClCompile Include="Generators\GenRS1.cpp">
      <Filter>Source Files\Generators</Filter>
    </ClCompile>
    <ClCompile Include="Generators\GenRL1.cpp">
      <Filter>Source Files\Generators</Filter>
    </ClCompile>
    <ClCompile Include="GLibrary\VSet.cpp">
      <Filter>Source Files\GLibrary</Filter>
    </ClCompile>
    <ClCompile Include="MyVisualManagerOffice2007.cpp">
      <Filter>Source Files</Filter>
    </ClCompile>
    <ClCompile Include="Generators\GenCA2.cpp">
      <Filter>Source Files\Generators</Filter>
    </ClCompile>
    <ClCompile Include="GLibrary\pvector.cpp">
      <Filter>Source Files\GLibrary</Filter>
    </ClCompile>
    <ClCompile Include="GLibrary\GTemplate.cpp">
      <Filter>Source Files\GLibrary</Filter>
    </ClCompile>
    <ClCompile Include="GLibrary\Ly.cpp">
      <Filter>Source Files\GLibrary</Filter>
    </ClCompile>
    <ClCompile Include="GLibrary\MFIn.cpp">
      <Filter>Source Files\GLibrary</Filter>
    </ClCompile>
    <ClCompile Include="GLibrary\MFOut.cpp">
      <Filter>Source Files\GLibrary</Filter>
    </ClCompile>
    <ClCompile Include="GLibrary\MPort.cpp">
      <Filter>Source Files\GLibrary</Filter>
    </ClCompile>
    <ClCompile Include="GLibrary\CsvDb.cpp">
      <Filter>Source Files\GLibrary</Filter>
    </ClCompile>
    <ClCompile Include="GLibrary\Conf.cpp">
      <Filter>Source Files\GLibrary</Filter>
    </ClCompile>
    <ClCompile Include="GLibrary\SinRand.cpp">
      <Filter>Source Files\GLibrary</Filter>
    </ClCompile>
    <ClCompile Include="Generators\CF1D.cpp">
      <Filter>Source Files\Generators</Filter>
    </ClCompile>
    <ClCompile Include="Generators\CF1Ly.cpp">
      <Filter>Source Files\Generators</Filter>
    </ClCompile>
    <ClCompile Include="Generators\CF1R.cpp">
      <Filter>Source Files\Generators</Filter>
    </ClCompile>
    <ClCompile Include="Generators\CF1M.cpp">
      <Filter>Source Files\Generators</Filter>
    </ClCompile>
    <ClCompile Include="Generators\CP2D.cpp">
      <Filter>Source Files\Generators</Filter>
    </ClCompile>
    <ClCompile Include="Generators\CP2Ly.cpp">
      <Filter>Source Files\Generators</Filter>
    </ClCompile>
    <ClCompile Include="Generators\CP2R.cpp">
      <Filter>Source Files\Generators</Filter>
    </ClCompile>
    <ClCompile Include="Generators\GenCA3.cpp">
      <Filter>Source Files\Generators</Filter>
    </ClCompile>
    <ClCompile Include="Generators\GenCP2.cpp">
      <Filter>Source Files\Generators</Filter>
    </ClCompile>
    <ClCompile Include="GLibrary\XFIn.cpp">
      <Filter>Source Files\GLibrary</Filter>
    </ClCompile>
    <ClCompile Include="pugixml\pugixml.cpp">
      <Filter>Source Files\pugixml</Filter>
    </ClCompile>
  </ItemGroup>
  <ItemGroup>
    <None Include="MGen.reg" />
    <None Include="res\ribbon.mfcribbon-ms">
      <Filter>Resource Files</Filter>
    </None>
    <None Include="res\MGen.rc2">
      <Filter>Resource Files</Filter>
    </None>
    <None Include="ClassDiagram.cd" />
    <None Include="ClassDiagram1.cd" />
  </ItemGroup>
  <ItemGroup>
    <ResourceCompile Include="MGen.rc">
      <Filter>Resource Files</Filter>
    </ResourceCompile>
  </ItemGroup>
  <ItemGroup>
    <Image Include="res\output_wnd.ico">
      <Filter>Resource Files</Filter>
    </Image>
    <Image Include="res\output_wnd_hc.ico">
      <Filter>Resource Files</Filter>
    </Image>
    <Image Include="res\buttons.bmp">
      <Filter>Resource Files</Filter>
    </Image>
    <Image Include="res\filelarge.bmp">
      <Filter>Resource Files</Filter>
    </Image>
    <Image Include="res\filesmall.bmp">
      <Filter>Resource Files</Filter>
    </Image>
    <Image Include="res\main.bmp">
      <Filter>Resource Files</Filter>
    </Image>
    <Image Include="res\writelarge.bmp">
      <Filter>Resource Files</Filter>
    </Image>
    <Image Include="res\writesmall.bmp">
      <Filter>Resource Files</Filter>
    </Image>
    <Image Include="res\MGenDoc.ico">
      <Filter>Resource Files</Filter>
    </Image>
    <Image Include="res\MGen.ico">
      <Filter>Resource Files</Filter>
    </Image>
    <Image Include="res\Toolbar.bmp">
      <Filter>Resource Files</Filter>
    </Image>
    <Image Include="res\Toolbar256.bmp">
      <Filter>Resource Files</Filter>
    </Image>
  </ItemGroup>
</Project>